
Microsoft Visual Studio Solution File, Format Version 12.00
# Visual Studio 15
VisualStudioVersion = 15.0.28307.329
MinimumVisualStudioVersion = 10.0.40219.1
Project("{FAE04EC0-301F-11D3-BF4B-00C04F79EFBC}") = "ArraySort", "ArraySort\ArraySort.csproj", "{222EA065-671F-4EC8-9F71-BD9612118930}"
EndProject
Global
	GlobalSection(SolutionConfigurationPlatforms) = preSolution
		Debug|Any CPU = Debug|Any CPU
		Release|Any CPU = Release|Any CPU
	EndGlobalSection
	GlobalSection(ProjectConfigurationPlatforms) = postSolution
		{222EA065-671F-4EC8-9F71-BD9612118930}.Debug|Any CPU.ActiveCfg = Debug|Any CPU
		{222EA065-671F-4EC8-9F71-BD9612118930}.Debug|Any CPU.Build.0 = Debug|Any CPU
		{222EA065-671F-4EC8-9F71-BD9612118930}.Release|Any CPU.ActiveCfg = Release|Any CPU
		{222EA065-671F-4EC8-9F71-BD9612118930}.Release|Any CPU.Build.0 = Release|Any CPU
	EndGlobalSection
	GlobalSection(SolutionProperties) = preSolution
		HideSolutionNode = FALSE
	EndGlobalSection
	GlobalSection(ExtensibilityGlobals) = postSolution
		SolutionGuid = {5BD7C350-867B-48F1-A99E-C57061A58004}
	EndGlobalSection
EndGlobal
